
Microsoft Visual Studio Solution File, Format Version 12.00
# Visual Studio Version 16
VisualStudioVersion = 16.0.28917.181
MinimumVisualStudioVersion = 10.0.40219.1
Project("{9A19103F-16F7-4668-BE54-9A1E7A4F7556}") = "CSparse.Extensions", "CSparse.Extensions\CSparse.Extensions.csproj", "{EDC6FD32-183F-4436-8B21-7031019C20EE}"
EndProject
Project("{FAE04EC0-301F-11D3-BF4B-00C04F79EFBC}") = "CSparse.Extensions.Tests", "CSparse.Extensions.Tests\CSparse.Extensions.Tests.csproj", "{592EEC3B-A9FD-467A-B05E-253CFED220D0}"
EndProject
Global
	GlobalSection(SolutionConfigurationPlatforms) = preSolution
		Debug|Any CPU = Debug|Any CPU
		Debug|x86 = Debug|x86
		Release|Any CPU = Release|Any CPU
		Release|x86 = Release|x86
	EndGlobalSection
	GlobalSection(ProjectConfigurationPlatforms) = postSolution
		{EDC6FD32-183F-4436-8B21-7031019C20EE}.Debug|Any CPU.ActiveCfg = Debug|Any CPU
		{EDC6FD32-183F-4436-8B21-7031019C20EE}.Debug|Any CPU.Build.0 = Debug|Any CPU
		{EDC6FD32-183F-4436-8B21-7031019C20EE}.Debug|x86.ActiveCfg = Debug|Any CPU
		{EDC6FD32-183F-4436-8B21-7031019C20EE}.Debug|x86.Build.0 = Debug|Any CPU
		{EDC6FD32-183F-4436-8B21-7031019C20EE}.Release|Any CPU.ActiveCfg = Release|Any CPU
		{EDC6FD32-183F-4436-8B21-7031019C20EE}.Release|Any CPU.Build.0 = Release|Any CPU
		{EDC6FD32-183F-4436-8B21-7031019C20EE}.Release|x86.ActiveCfg = Release|Any CPU
		{EDC6FD32-183F-4436-8B21-7031019C20EE}.Release|x86.Build.0 = Release|Any CPU
		{592EEC3B-A9FD-467A-B05E-253CFED220D0}.Debug|Any CPU.ActiveCfg = Debug|Any CPU
		{592EEC3B-A9FD-467A-B05E-253CFED220D0}.Debug|Any CPU.Build.0 = Debug|Any CPU
		{592EEC3B-A9FD-467A-B05E-253CFED220D0}.Debug|x86.ActiveCfg = Debug|Any CPU
		{592EEC3B-A9FD-467A-B05E-253CFED220D0}.Debug|x86.Build.0 = Debug|Any CPU
		{592EEC3B-A9FD-467A-B05E-253CFED220D0}.Release|Any CPU.ActiveCfg = Release|Any CPU
		{592EEC3B-A9FD-467A-B05E-253CFED220D0}.Release|Any CPU.Build.0 = Release|Any CPU
		{592EEC3B-A9FD-467A-B05E-253CFED220D0}.Release|x86.ActiveCfg = Release|Any CPU
		{592EEC3B-A9FD-467A-B05E-253CFED220D0}.Release|x86.Build.0 = Release|Any CPU
	EndGlobalSection
	GlobalSection(SolutionProperties) = preSolution
		HideSolutionNode = FALSE
	EndGlobalSection
	GlobalSection(ExtensibilityGlobals) = postSolution
		SolutionGuid = {21CE0657-B967-4D51-B48C-4A99C6033F73}
	EndGlobalSection
EndGlobal
